// !$*UTF8*$!
{
	archiveVersion = 1;
	classes = {
	};
	objectVersion = 46;
	objects = {

/* Begin PBXBuildFile section */
		6E84E8371AC92BDE007C5A65 /* AppDelegate.swift in Sources */ = {isa = PBXBuildFile; fileRef = 6E84E8361AC92BDE007C5A65 /* AppDelegate.swift */; };
		6E84E8391AC92BDE007C5A65 /* ViewController.swift in Sources */ = {isa = PBXBuildFile; fileRef = 6E84E8381AC92BDE007C5A65 /* ViewController.swift */; };
		6E84E83C1AC92BDE007C5A65 /* Main.storyboard in Resources */ = {isa = PBXBuildFile; fileRef = 6E84E83A1AC92BDE007C5A65 /* Main.storyboard */; };
		6E84E83E1AC92BDE007C5A65 /* Images.xcassets in Resources */ = {isa = PBXBuildFile; fileRef = 6E84E83D1AC92BDE007C5A65 /* Images.xcassets */; };
		6E84E8411AC92BDE007C5A65 /* LaunchScreen.xib in Resources */ = {isa = PBXBuildFile; fileRef = 6E84E83F1AC92BDE007C5A65 /* LaunchScreen.xib */; };
		6E84E84D1AC92BDE007C5A65 /* majimax_dentakuTests.swift in Sources */ = {isa = PBXBuildFile; fileRef = 6E84E84C1AC92BDE007C5A65 /* majimax_dentakuTests.swift */; };
		9F1A2D7A1AD8148700244033 /* bottan1.png in Resources */ = {isa = PBXBuildFile; fileRef = 9F1A2D701AD8148700244033 /* bottan1.png */; };
		9F1A2D7B1AD8148700244033 /* bottan2.png in Resources */ = {isa = PBXBuildFile; fileRef = 9F1A2D711AD8148700244033 /* bottan2.png */; };
		9F1A2D7C1AD8148700244033 /* bottan3.png in Resources */ = {isa = PBXBuildFile; fileRef = 9F1A2D721AD8148700244033 /* bottan3.png */; };
		9F1A2D7D1AD8148700244033 /* bottan4.png in Resources */ = {isa = PBXBuildFile; fileRef = 9F1A2D731AD8148700244033 /* bottan4.png */; };
		9F1A2D7E1AD8148700244033 /* bottan5.png in Resources */ = {isa = PBXBuildFile; fileRef = 9F1A2D741AD8148700244033 /* bottan5.png */; };
		9F1A2D7F1AD8148700244033 /* bottan6.png in Resources */ = {isa = PBXBuildFile; fileRef = 9F1A2D751AD8148700244033 /* bottan6.png */; };
		9F1A2D801AD8148700244033 /* bottan7.png in Resources */ = {isa = PBXBuildFile; fileRef = 9F1A2D761AD8148700244033 /* bottan7.png */; };
		9F1A2D811AD8148700244033 /* bottan8.png in Resources */ = {isa = PBXBuildFile; fileRef = 9F1A2D771AD8148700244033 /* bottan8.png */; };
		9F1A2D821AD8148700244033 /* bottan9.png in Resources */ = {isa = PBXBuildFile; fileRef = 9F1A2D781AD8148700244033 /* bottan9.png */; };
		9F1A2D851AD814F000244033 /* botton0.png in Resources */ = {isa = PBXBuildFile; fileRef = 9F1A2D841AD814F000244033 /* botton0.png */; };
		9F1A2D8A1AD81B9500244033 /* bottan-.png in Resources */ = {isa = PBXBuildFile; fileRef = 9F1A2D861AD81B9500244033 /* bottan-.png */; };
		9F1A2D8B1AD81B9500244033 /* bottan+.png in Resources */ = {isa = PBXBuildFile; fileRef = 9F1A2D871AD81B9500244033 /* bottan+.png */; };
		9F1A2D8C1AD81B9500244033 /* bottan÷.png in Resources */ = {isa = PBXBuildFile; fileRef = 9F1A2D881AD81B9500244033 /* bottan÷.png */; };
		9F1A2D8D1AD81B9500244033 /* bottan×.png in Resources */ = {isa = PBXBuildFile; fileRef = 9F1A2D891AD81B9500244033 /* bottan×.png */; };
		9F1A2D8F1AD81BD800244033 /* 電卓bt= 23.53.51.png in Resources */ = {isa = PBXBuildFile; fileRef = 9F1A2D8E1AD81BD800244033 /* 電卓bt= 23.53.51.png */; };
		9F1A2D911AD81ED400244033 /* AppDelegate.png in Resources */ = {isa = PBXBuildFile; fileRef = 9F1A2D901AD81ED400244033 /* AppDelegate.png */; };
		9F1A2D931AD823CC00244033 /* bottanclear.png in Resources */ = {isa = PBXBuildFile; fileRef = 9F1A2D921AD823CC00244033 /* bottanclear.png */; };
		9FB8CDB11ACB6988000320B0 /* ボール3.png in Resources */ = {isa = PBXBuildFile; fileRef = 9FB8CDB01ACB6988000320B0 /* ボール3.png */; };
		9FE36B651ACE3E6300478D89 /* 電卓bt_CLEAR.png in Resources */ = {isa = PBXBuildFile; fileRef = 9FE36B641ACE3E6300478D89 /* 電卓bt_CLEAR.png */; };
/* End PBXBuildFile section */

/* Begin PBXContainerItemProxy section */
		6E84E8471AC92BDE007C5A65 /* PBXContainerItemProxy */ = {
			isa = PBXContainerItemProxy;
			containerPortal = 6E84E8291AC92BDE007C5A65 /* Project object */;
			proxyType = 1;
			remoteGlobalIDString = 6E84E8301AC92BDE007C5A65;
			remoteInfo = "majimax-dentaku";
		};
/* End PBXContainerItemProxy section */

/* Begin PBXFileReference section */
		6E84E8311AC92BDE007C5A65 /* majimax-dentaku.app */ = {isa = PBXFileReference; explicitFileType = wrapper.application; includeInIndex = 0; path = "majimax-dentaku.app"; sourceTree = BUILT_PRODUCTS_DIR; };
		6E84E8351AC92BDE007C5A65 /* Info.plist */ = {isa = PBXFileReference; lastKnownFileType = text.plist.xml; path = Info.plist; sourceTree = "<group>"; };
		6E84E8361AC92BDE007C5A65 /* AppDelegate.swift */ = {isa = PBXFileReference; lastKnownFileType = sourcecode.swift; path = AppDelegate.swift; sourceTree = "<group>"; };
		6E84E8381AC92BDE007C5A65 /* ViewController.swift */ = {isa = PBXFileReference; lastKnownFileType = sourcecode.swift; path = ViewController.swift; sourceTree = "<group>"; };
		6E84E83B1AC92BDE007C5A65 /* Base */ = {isa = PBXFileReference; lastKnownFileType = file.storyboard; name = Base; path = Base.lproj/Main.storyboard; sourceTree = "<group>"; };
		6E84E83D1AC92BDE007C5A65 /* Images.xcassets */ = {isa = PBXFileReference; lastKnownFileType = folder.assetcatalog; path = Images.xcassets; sourceTree = "<group>"; };
		6E84E8401AC92BDE007C5A65 /* Base */ = {isa = PBXFileReference; lastKnownFileType = file.xib; name = Base; path = Base.lproj/LaunchScreen.xib; sourceTree = "<group>"; };
		6E84E8461AC92BDE007C5A65 /* majimax-dentakuTests.xctest */ = {isa = PBXFileReference; explicitFileType = wrapper.cfbundle; includeInIndex = 0; path = "majimax-dentakuTests.xctest"; sourceTree = BUILT_PRODUCTS_DIR; };
		6E84E84B1AC92BDE007C5A65 /* Info.plist */ = {isa = PBXFileReference; lastKnownFileType = text.plist.xml; path = Info.plist; sourceTree = "<group>"; };
		6E84E84C1AC92BDE007C5A65 /* majimax_dentakuTests.swift */ = {isa = PBXFileReference; lastKnownFileType = sourcecode.swift; path = majimax_dentakuTests.swift; sourceTree = "<group>"; };
		9F1A2D701AD8148700244033 /* bottan1.png */ = {isa = PBXFileReference; lastKnownFileType = image.png; path = bottan1.png; sourceTree = "<group>"; };
		9F1A2D711AD8148700244033 /* bottan2.png */ = {isa = PBXFileReference; lastKnownFileType = image.png; path = bottan2.png; sourceTree = "<group>"; };
		9F1A2D721AD8148700244033 /* bottan3.png */ = {isa = PBXFileReference; lastKnownFileType = image.png; path = bottan3.png; sourceTree = "<group>"; };
		9F1A2D731AD8148700244033 /* bottan4.png */ = {isa = PBXFileReference; lastKnownFileType = image.png; path = bottan4.png; sourceTree = "<group>"; };
		9F1A2D741AD8148700244033 /* bottan5.png */ = {isa = PBXFileReference; lastKnownFileType = image.png; path = bottan5.png; sourceTree = "<group>"; };
		9F1A2D751AD8148700244033 /* bottan6.png */ = {isa = PBXFileReference; lastKnownFileType = image.png; path = bottan6.png; sourceTree = "<group>"; };
		9F1A2D761AD8148700244033 /* bottan7.png */ = {isa = PBXFileReference; lastKnownFileType = image.png; path = bottan7.png; sourceTree = "<group>"; };
		9F1A2D771AD8148700244033 /* bottan8.png */ = {isa = PBXFileReference; lastKnownFileType = image.png; path = bottan8.png; sourceTree = "<group>"; };
		9F1A2D781AD8148700244033 /* bottan9.png */ = {isa = PBXFileReference; lastKnownFileType = image.png; path = bottan9.png; sourceTree = "<group>"; };
		9F1A2D841AD814F000244033 /* botton0.png */ = {isa = PBXFileReference; lastKnownFileType = image.png; path = botton0.png; sourceTree = "<group>"; };
		9F1A2D861AD81B9500244033 /* bottan-.png */ = {isa = PBXFileReference; lastKnownFileType = image.png; path = "bottan-.png"; sourceTree = "<group>"; };
		9F1A2D871AD81B9500244033 /* bottan+.png */ = {isa = PBXFileReference; lastKnownFileType = image.png; path = "bottan+.png"; sourceTree = "<group>"; };
		9F1A2D881AD81B9500244033 /* bottan÷.png */ = {isa = PBXFileReference; lastKnownFileType = image.png; path = "bottan÷.png"; sourceTree = "<group>"; };
		9F1A2D891AD81B9500244033 /* bottan×.png */ = {isa = PBXFileReference; lastKnownFileType = image.png; path = "bottan×.png"; sourceTree = "<group>"; };
		9F1A2D8E1AD81BD800244033 /* 電卓bt= 23.53.51.png */ = {isa = PBXFileReference; lastKnownFileType = image.png; path = "電卓bt= 23.53.51.png"; sourceTree = "<group>"; };
		9F1A2D901AD81ED400244033 /* AppDelegate.png */ = {isa = PBXFileReference; lastKnownFileType = image.png; path = AppDelegate.png; sourceTree = "<group>"; };
		9F1A2D921AD823CC00244033 /* bottanclear.png */ = {isa = PBXFileReference; lastKnownFileType = image.png; path = bottanclear.png; sourceTree = "<group>"; };
		9FB8CDB01ACB6988000320B0 /* ボール3.png */ = {isa = PBXFileReference; lastKnownFileType = image.png; path = "ボール3.png"; sourceTree = "<group>"; };
		9FE36B641ACE3E6300478D89 /* 電卓bt_CLEAR.png */ = {isa = PBXFileReference; lastKnownFileType = image.png; path = "電卓bt_CLEAR.png"; sourceTree = "<group>"; };
/* End PBXFileReference section */

/* Begin PBXFrameworksBuildPhase section */
		6E84E82E1AC92BDE007C5A65 /* Frameworks */ = {
			isa = PBXFrameworksBuildPhase;
			buildActionMask = 2147483647;
			files = (
			);
			runOnlyForDeploymentPostprocessing = 0;
		};
		6E84E8431AC92BDE007C5A65 /* Frameworks */ = {
			isa = PBXFrameworksBuildPhase;
			buildActionMask = 2147483647;
			files = (
			);
			runOnlyForDeploymentPostprocessing = 0;
		};
/* End PBXFrameworksBuildPhase section */

/* Begin PBXGroup section */
		6E84E8281AC92BDE007C5A65 = {
			isa = PBXGroup;
			children = (
				6E84E8331AC92BDE007C5A65 /* majimax-dentaku */,
				6E84E8491AC92BDE007C5A65 /* majimax-dentakuTests */,
				6E84E8321AC92BDE007C5A65 /* Products */,
			);
			sourceTree = "<group>";
		};
		6E84E8321AC92BDE007C5A65 /* Products */ = {
			isa = PBXGroup;
			children = (
				6E84E8311AC92BDE007C5A65 /* majimax-dentaku.app */,
				6E84E8461AC92BDE007C5A65 /* majimax-dentakuTests.xctest */,
			);
			name = Products;
			sourceTree = "<group>";
		};
		6E84E8331AC92BDE007C5A65 /* majimax-dentaku */ = {
			isa = PBXGroup;
			children = (
				6E84E8361AC92BDE007C5A65 /* AppDelegate.swift */,
				6E84E8381AC92BDE007C5A65 /* ViewController.swift */,
				6E84E83A1AC92BDE007C5A65 /* Main.storyboard */,
				6E84E83D1AC92BDE007C5A65 /* Images.xcassets */,
				6E84E83F1AC92BDE007C5A65 /* LaunchScreen.xib */,
				9FB8CDB01ACB6988000320B0 /* ボール3.png */,
				6E84E8341AC92BDE007C5A65 /* Supporting Files */,
			);
			path = "majimax-dentaku";
			sourceTree = "<group>";
		};
		6E84E8341AC92BDE007C5A65 /* Supporting Files */ = {
			isa = PBXGroup;
			children = (
				6E84E8351AC92BDE007C5A65 /* Info.plist */,
				9F1A2D921AD823CC00244033 /* bottanclear.png */,
				9FE36B641ACE3E6300478D89 /* 電卓bt_CLEAR.png */,
				9F1A2D8E1AD81BD800244033 /* 電卓bt= 23.53.51.png */,
				9F1A2D861AD81B9500244033 /* bottan-.png */,
				9F1A2D871AD81B9500244033 /* bottan+.png */,
				9F1A2D881AD81B9500244033 /* bottan÷.png */,
				9F1A2D891AD81B9500244033 /* bottan×.png */,
				9F1A2D701AD8148700244033 /* bottan1.png */,
				9F1A2D711AD8148700244033 /* bottan2.png */,
				9F1A2D721AD8148700244033 /* bottan3.png */,
				9F1A2D731AD8148700244033 /* bottan4.png */,
				9F1A2D741AD8148700244033 /* bottan5.png */,
				9F1A2D751AD8148700244033 /* bottan6.png */,
				9F1A2D761AD8148700244033 /* bottan7.png */,
				9F1A2D771AD8148700244033 /* bottan8.png */,
				9F1A2D781AD8148700244033 /* bottan9.png */,
				9F1A2D841AD814F000244033 /* botton0.png */,
				9F1A2D901AD81ED400244033 /* AppDelegate.png */,
			);
			name = "Supporting Files";
			sourceTree = "<group>";
		};
		6E84E8491AC92BDE007C5A65 /* majimax-dentakuTests */ = {
			isa = PBXGroup;
			children = (
				6E84E84C1AC92BDE007C5A65 /* majimax_dentakuTests.swift */,
				6E84E84A1AC92BDE007C5A65 /* Supporting Files */,
			);
			path = "majimax-dentakuTests";
			sourceTree = "<group>";
		};
		6E84E84A1AC92BDE007C5A65 /* Supporting Files */ = {
			isa = PBXGroup;
			children = (
				6E84E84B1AC92BDE007C5A65 /* Info.plist */,
			);
			name = "Supporting Files";
			sourceTree = "<group>";
		};
/* End PBXGroup section */

/* Begin PBXNativeTarget section */
		6E84E8301AC92BDE007C5A65 /* majimax-dentaku */ = {
			isa = PBXNativeTarget;
			buildConfigurationList = 6E84E8501AC92BDE007C5A65 /* Build configuration list for PBXNativeTarget "majimax-dentaku" */;
			buildPhases = (
				6E84E82D1AC92BDE007C5A65 /* Sources */,
				6E84E82E1AC92BDE007C5A65 /* Frameworks */,
				6E84E82F1AC92BDE007C5A65 /* Resources */,
			);
			buildRules = (
			);
			dependencies = (
			);
			name = "majimax-dentaku";
			productName = "majimax-dentaku";
			productReference = 6E84E8311AC92BDE007C5A65 /* majimax-dentaku.app */;
			productType = "com.apple.product-type.application";
		};
		6E84E8451AC92BDE007C5A65 /* majimax-dentakuTests */ = {
			isa = PBXNativeTarget;
			buildConfigurationList = 6E84E8531AC92BDE007C5A65 /* Build configuration list for PBXNativeTarget "majimax-dentakuTests" */;
			buildPhases = (
				6E84E8421AC92BDE007C5A65 /* Sources */,
				6E84E8431AC92BDE007C5A65 /* Frameworks */,
				6E84E8441AC92BDE007C5A65 /* Resources */,
			);
			buildRules = (
			);
			dependencies = (
				6E84E8481AC92BDE007C5A65 /* PBXTargetDependency */,
			);
			name = "majimax-dentakuTests";
			productName = "majimax-dentakuTests";
			productReference = 6E84E8461AC92BDE007C5A65 /* majimax-dentakuTests.xctest */;
			productType = "com.apple.product-type.bundle.unit-test";
		};
/* End PBXNativeTarget section */

/* Begin PBXProject section */
		6E84E8291AC92BDE007C5A65 /* Project object */ = {
			isa = PBXProject;
			attributes = {
				LastUpgradeCheck = 0610;
				ORGANIZATIONNAME = "奥村 維敦";
				TargetAttributes = {
					6E84E8301AC92BDE007C5A65 = {
						CreatedOnToolsVersion = 6.1.1;
					};
					6E84E8451AC92BDE007C5A65 = {
						CreatedOnToolsVersion = 6.1.1;
						TestTargetID = 6E84E8301AC92BDE007C5A65;
					};
				};
			};
			buildConfigurationList = 6E84E82C1AC92BDE007C5A65 /* Build configuration list for PBXProject "majimax-dentaku" */;
			compatibilityVersion = "Xcode 3.2";
			developmentRegion = English;
			hasScannedForEncodings = 0;
			knownRegions = (
				en,
				Base,
			);
			mainGroup = 6E84E8281AC92BDE007C5A65;
			productRefGroup = 6E84E8321AC92BDE007C5A65 /* Products */;
			projectDirPath = "";
			projectRoot = "";
			targets = (
				6E84E8301AC92BDE007C5A65 /* majimax-dentaku */,
				6E84E8451AC92BDE007C5A65 /* majimax-dentakuTests */,
			);
		};
/* End PBXProject section */

/* Begin PBXResourcesBuildPhase section */
		6E84E82F1AC92BDE007C5A65 /* Resources */ = {
			isa = PBXResourcesBuildPhase;
			buildActionMask = 2147483647;
			files = (
				9FE36B651ACE3E6300478D89 /* 電卓bt_CLEAR.png in Resources */,
				9F1A2D8C1AD81B9500244033 /* bottan÷.png in Resources */,
				9F1A2D821AD8148700244033 /* bottan9.png in Resources */,
				9F1A2D931AD823CC00244033 /* bottanclear.png in Resources */,
				9F1A2D811AD8148700244033 /* bottan8.png in Resources */,
				9F1A2D8D1AD81B9500244033 /* bottan×.png in Resources */,
				6E84E83C1AC92BDE007C5A65 /* Main.storyboard in Resources */,
				9F1A2D8B1AD81B9500244033 /* bottan+.png in Resources */,
				9F1A2D7D1AD8148700244033 /* bottan4.png in Resources */,
				9F1A2D7A1AD8148700244033 /* bottan1.png in Resources */,
				9F1A2D7C1AD8148700244033 /* bottan3.png in Resources */,
				6E84E8411AC92BDE007C5A65 /* LaunchScreen.xib in Resources */,
				9F1A2D8F1AD81BD800244033 /* 電卓bt= 23.53.51.png in Resources */,
				9F1A2D8A1AD81B9500244033 /* bottan-.png in Resources */,
				9FB8CDB11ACB6988000320B0 /* ボール3.png in Resources */,
				9F1A2D911AD81ED400244033 /* AppDelegate.png in Resources */,
				9F1A2D851AD814F000244033 /* botton0.png in Resources */,
				9F1A2D7B1AD8148700244033 /* bottan2.png in Resources */,
				9F1A2D7F1AD8148700244033 /* bottan6.png in Resources */,
				9F1A2D801AD8148700244033 /* bottan7.png in Resources */,
				6E84E83E1AC92BDE007C5A65 /* Images.xcassets in Resources */,
				9F1A2D7E1AD8148700244033 /* bottan5.png in Resources */,
			);
			runOnlyForDeploymentPostprocessing = 0;
		};
		6E84E8441AC92BDE007C5A65 /* Resources */ = {
			isa = PBXResourcesBuildPhase;
			buildActionMask = 2147483647;
			files = (
			);
			runOnlyForDeploymentPostprocessing = 0;
		};
/* End PBXResourcesBuildPhase section */

/* Begin PBXSourcesBuildPhase section */
		6E84E82D1AC92BDE007C5A65 /* Sources */ = {
			isa = PBXSourcesBuildPhase;
			buildActionMask = 2147483647;
			files = (
				6E84E8391AC92BDE007C5A65 /* ViewController.swift in Sources */,
				6E84E8371AC92BDE007C5A65 /* AppDelegate.swift in Sources */,
			);
			runOnlyForDeploymentPostprocessing = 0;
		};
		6E84E8421AC92BDE007C5A65 /* Sources */ = {
			isa = PBXSourcesBuildPhase;
			buildActionMask = 2147483647;
			files = (
				6E84E84D1AC92BDE007C5A65 /* majimax_dentakuTests.swift in Sources */,
			);
			runOnlyForDeploymentPostprocessing = 0;
		};
/* End PBXSourcesBuildPhase section */

/* Begin PBXTargetDependency section */
		6E84E8481AC92BDE007C5A65 /* PBXTargetDependency */ = {
			isa = PBXTargetDependency;
			target = 6E84E8301AC92BDE007C5A65 /* majimax-dentaku */;
			targetProxy = 6E84E8471AC92BDE007C5A65 /* PBXContainerItemProxy */;
		};
/* End PBXTargetDependency section */

/* Begin PBXVariantGroup section */
		6E84E83A1AC92BDE007C5A65 /* Main.storyboard */ = {
			isa = PBXVariantGroup;
			children = (
				6E84E83B1AC92BDE007C5A65 /* Base */,
			);
			name = Main.storyboard;
			sourceTree = "<group>";
		};
		6E84E83F1AC92BDE007C5A65 /* LaunchScreen.xib */ = {
			isa = PBXVariantGroup;
			children = (
				6E84E8401AC92BDE007C5A65 /* Base */,
			);
			name = LaunchScreen.xib;
			sourceTree = "<group>";
		};
/* End PBXVariantGroup section */

/* Begin XCBuildConfiguration section */
		6E84E84E1AC92BDE007C5A65 /* Debug */ = {
			isa = XCBuildConfiguration;
			buildSettings = {
				ALWAYS_SEARCH_USER_PATHS = NO;
				CLANG_CXX_LANGUAGE_STANDARD = "gnu++0x";
				CLANG_CXX_LIBRARY = "libc++";
				CLANG_ENABLE_MODULES = YES;
				CLANG_ENABLE_OBJC_ARC = YES;
				CLANG_WARN_BOOL_CONVERSION = YES;
				CLANG_WARN_CONSTANT_CONVERSION = YES;
				CLANG_WARN_DIRECT_OBJC_ISA_USAGE = YES_ERROR;
				CLANG_WARN_EMPTY_BODY = YES;
				CLANG_WARN_ENUM_CONVERSION = YES;
				CLANG_WARN_INT_CONVERSION = YES;
				CLANG_WARN_OBJC_ROOT_CLASS = YES_ERROR;
				CLANG_WARN_UNREACHABLE_CODE = YES;
				CLANG_WARN__DUPLICATE_METHOD_MATCH = YES;
				"CODE_SIGN_IDENTITY[sdk=iphoneos*]" = "iPhone Developer";
				COPY_PHASE_STRIP = NO;
				ENABLE_STRICT_OBJC_MSGSEND = YES;
				GCC_C_LANGUAGE_STANDARD = gnu99;
				GCC_DYNAMIC_NO_PIC = NO;
				GCC_OPTIMIZATION_LEVEL = 0;
				GCC_PREPROCESSOR_DEFINITIONS = (
					"DEBUG=1",
					"$(inherited)",
				);
				GCC_SYMBOLS_PRIVATE_EXTERN = NO;
				GCC_WARN_64_TO_32_BIT_CONVERSION = YES;
				GCC_WARN_ABOUT_RETURN_TYPE = YES_ERROR;
				GCC_WARN_UNDECLARED_SELECTOR = YES;
				GCC_WARN_UNINITIALIZED_AUTOS = YES_AGGRESSIVE;
				GCC_WARN_UNUSED_FUNCTION = YES;
				GCC_WARN_UNUSED_VARIABLE = YES;
				IPHONEOS_DEPLOYMENT_TARGET = 8.2;
				MTL_ENABLE_DEBUG_INFO = YES;
				ONLY_ACTIVE_ARCH = YES;
				SDKROOT = iphoneos;
				SWIFT_OPTIMIZATION_LEVEL = "-Onone";
			};
			name = Debug;
		};
		6E84E84F1AC92BDE007C5A65 /* Release */ = {
			isa = XCBuildConfiguration;
			buildSettings = {
				ALWAYS_SEARCH_USER_PATHS = NO;
				CLANG_CXX_LANGUAGE_STANDARD = "gnu++0x";
				CLANG_CXX_LIBRARY = "libc++";
				CLANG_ENABLE_MODULES = YES;
				CLANG_ENABLE_OBJC_ARC = YES;
				CLANG_WARN_BOOL_CONVERSION = YES;
				CLANG_WARN_CONSTANT_CONVERSION = YES;
				CLANG_WARN_DIRECT_OBJC_ISA_USAGE = YES_ERROR;
				CLANG_WARN_EMPTY_BODY = YES;
				CLANG_WARN_ENUM_CONVERSION = YES;
				CLANG_WARN_INT_CONVERSION = YES;
				CLANG_WARN_OBJC_ROOT_CLASS = YES_ERROR;
				CLANG_WARN_UNREACHABLE_CODE = YES;
				CLANG_WARN__DUPLICATE_METHOD_MATCH = YES;
				"CODE_SIGN_IDENTITY[sdk=iphoneos*]" = "iPhone Developer";
				COPY_PHASE_STRIP = YES;
				ENABLE_NS_ASSERTIONS = NO;
				ENABLE_STRICT_OBJC_MSGSEND = YES;
				GCC_C_LANGUAGE_STANDARD = gnu99;
				GCC_WARN_64_TO_32_BIT_CONVERSION = YES;
				GCC_WARN_ABOUT_RETURN_TYPE = YES_ERROR;
				GCC_WARN_UNDECLARED_SELECTOR = YES;
				GCC_WARN_UNINITIALIZED_AUTOS = YES_AGGRESSIVE;
				GCC_WARN_UNUSED_FUNCTION = YES;
				GCC_WARN_UNUSED_VARIABLE = YES;
				IPHONEOS_DEPLOYMENT_TARGET = 8.2;
				MTL_ENABLE_DEBUG_INFO = NO;
				SDKROOT = iphoneos;
				VALIDATE_PRODUCT = YES;
			};
			name = Release;
		};
		6E84E8511AC92BDE007C5A65 /* Debug */ = {
			isa = XCBuildConfiguration;
			buildSettings = {
				ASSETCATALOG_COMPILER_APPICON_NAME = AppIcon;
				INFOPLIST_FILE = "majimax-dentaku/Info.plist";
				LD_RUNPATH_SEARCH_PATHS = "$(inherited) @executable_path/Frameworks";
				PRODUCT_NAME = "$(TARGET_NAME)";
			};
			name = Debug;
		};
		6E84E8521AC92BDE007C5A65 /* Release */ = {
			isa = XCBuildConfiguration;
			buildSettings = {
				ASSETCATALOG_COMPILER_APPICON_NAME = AppIcon;
				INFOPLIST_FILE = "majimax-dentaku/Info.plist";
				LD_RUNPATH_SEARCH_PATHS = "$(inherited) @executable_path/Frameworks";
				PRODUCT_NAME = "$(TARGET_NAME)";
			};
			name = Release;
		};
		6E84E8541AC92BDE007C5A65 /* Debug */ = {
			isa = XCBuildConfiguration;
			buildSettings = {
				BUNDLE_LOADER = "$(TEST_HOST)";
				FRAMEWORK_SEARCH_PATHS = (
					"$(SDKROOT)/Developer/Library/Frameworks",
					"$(inherited)",
				);
				GCC_PREPROCESSOR_DEFINITIONS = (
					"DEBUG=1",
					"$(inherited)",
				);
				INFOPLIST_FILE = "majimax-dentakuTests/Info.plist";
				LD_RUNPATH_SEARCH_PATHS = "$(inherited) @executable_path/Frameworks @loader_path/Frameworks";
				PRODUCT_NAME = "$(TARGET_NAME)";
				TEST_HOST = "$(BUILT_PRODUCTS_DIR)/majimax-dentaku.app/majimax-dentaku";
			};
			name = Debug;
		};
		6E84E8551AC92BDE007C5A65 /* Release */ = {
			isa = XCBuildConfiguration;
			buildSettings = {
				BUNDLE_LOADER = "$(TEST_HOST)";
				FRAMEWORK_SEARCH_PATHS = (
					"$(SDKROOT)/Developer/Library/Frameworks",
					"$(inherited)",
				);
				INFOPLIST_FILE = "majimax-dentakuTests/Info.plist";
				LD_RUNPATH_SEARCH_PATHS = "$(inherited) @executable_path/Frameworks @loader_path/Frameworks";
				PRODUCT_NAME = "$(TARGET_NAME)";
				TEST_HOST = "$(BUILT_PRODUCTS_DIR)/majimax-dentaku.app/majimax-dentaku";
			};
			name = Release;
		};
/* End XCBuildConfiguration section */

/* Begin XCConfigurationList section */
		6E84E82C1AC92BDE007C5A65 /* Build configuration list for PBXProject "majimax-dentaku" */ = {
			isa = XCConfigurationList;
			buildConfigurations = (
				6E84E84E1AC92BDE007C5A65 /* Debug */,
				6E84E84F1AC92BDE007C5A65 /* Release */,
			);
			defaultConfigurationIsVisible = 0;
			defaultConfigurationName = Release;
		};
		6E84E8501AC92BDE007C5A65 /* Build configuration list for PBXNativeTarget "majimax-dentaku" */ = {
			isa = XCConfigurationList;
			buildConfigurations = (
				6E84E8511AC92BDE007C5A65 /* Debug */,
				6E84E8521AC92BDE007C5A65 /* Release */,
			);
			defaultConfigurationIsVisible = 0;
			defaultConfigurationName = Release;
		};
		6E84E8531AC92BDE007C5A65 /* Build configuration list for PBXNativeTarget "majimax-dentakuTests" */ = {
			isa = XCConfigurationList;
			buildConfigurations = (
				6E84E8541AC92BDE007C5A65 /* Debug */,
				6E84E8551AC92BDE007C5A65 /* Release */,
			);
			defaultConfigurationIsVisible = 0;
			defaultConfigurationName = Release;
		};
/* End XCConfigurationList section */
	};
	rootObject = 6E84E8291AC92BDE007C5A65 /* Project object */;
}
